
Microsoft Visual Studio Solution File, Format Version 12.00
# Visual Studio Version 17
VisualStudioVersion = 17.6.33829.357
MinimumVisualStudioVersion = 10.0.40219.1
Project("{9A19103F-16F7-4668-BE54-9A1E7A4F7556}") = "SchoolWebAppAPI", "SchoolWebAppAPI\SchoolWebAppAPI.csproj", "{AF303996-3651-4ADE-956E-4AFC2E15622C}"
EndProject
Global
	GlobalSection(SolutionConfigurationPlatforms) = preSolution
		Debug|Any CPU = Debug|Any CPU
		Release|Any CPU = Release|Any CPU
	EndGlobalSection
	GlobalSection(ProjectConfigurationPlatforms) = postSolution
		{AF303996-3651-4ADE-956E-4AFC2E15622C}.Debug|Any CPU.ActiveCfg = Debug|Any CPU
		{AF303996-3651-4ADE-956E-4AFC2E15622C}.Debug|Any CPU.Build.0 = Debug|Any CPU
		{AF303996-3651-4ADE-956E-4AFC2E15622C}.Release|Any CPU.ActiveCfg = Release|Any CPU
		{AF303996-3651-4ADE-956E-4AFC2E15622C}.Release|Any CPU.Build.0 = Release|Any CPU
	EndGlobalSection
	GlobalSection(SolutionProperties) = preSolution
		HideSolutionNode = FALSE
	EndGlobalSection
	GlobalSection(ExtensibilityGlobals) = postSolution
		SolutionGuid = {8C551503-3744-49CF-AFF8-1BE072C31AB4}
	EndGlobalSection
EndGlobal
